// !$*UTF8*$!
{
	archiveVersion = 1;
	classes = {
	};
	objectVersion = 46;
	objects = {

/* Begin PBXBuildFile section */
		BA9602641A8239D8004D7ABD /* main.m in Sources */ = {isa = PBXBuildFile; fileRef = BA9602631A8239D8004D7ABD /* main.m */; };
		BA9602671A8239D8004D7ABD /* AppDelegate.m in Sources */ = {isa = PBXBuildFile; fileRef = BA9602661A8239D8004D7ABD /* AppDelegate.m */; };
		BA96026A1A8239D8004D7ABD /* ViewController.m in Sources */ = {isa = PBXBuildFile; fileRef = BA9602691A8239D8004D7ABD /* ViewController.m */; };
		BA96026D1A8239D8004D7ABD /* Main.storyboard in Resources */ = {isa = PBXBuildFile; fileRef = BA96026B1A8239D8004D7ABD /* Main.storyboard */; };
		BA96026F1A8239D8004D7ABD /* Images.xcassets in Resources */ = {isa = PBXBuildFile; fileRef = BA96026E1A8239D8004D7ABD /* Images.xcassets */; };
		BA9602721A8239D8004D7ABD /* LaunchScreen.xib in Resources */ = {isa = PBXBuildFile; fileRef = BA9602701A8239D8004D7ABD /* LaunchScreen.xib */; };
		BA96027E1A8239D8004D7ABD /* AGMappingExamplesTests.m in Sources */ = {isa = PBXBuildFile; fileRef = BA96027D1A8239D8004D7ABD /* AGMappingExamplesTests.m */; };
		BAB51D571A850B2600A348D9 /* AGMappingClassIsNotMappingComplaintException.m in Sources */ = {isa = PBXBuildFile; fileRef = BAB51D2F1A850B2600A348D9 /* AGMappingClassIsNotMappingComplaintException.m */; };
		BAB51D581A850B2600A348D9 /* AGMappingClassNameUndefinedException.m in Sources */ = {isa = PBXBuildFile; fileRef = BAB51D311A850B2600A348D9 /* AGMappingClassNameUndefinedException.m */; };
		BAB51D591A850B2600A348D9 /* AGMappingInvalidMappingFormatException.m in Sources */ = {isa = PBXBuildFile; fileRef = BAB51D331A850B2600A348D9 /* AGMappingInvalidMappingFormatException.m */; };
		BAB51D5A1A850B2600A348D9 /* AGMappingUndefinedObjectPropertyException.m in Sources */ = {isa = PBXBuildFile; fileRef = BAB51D351A850B2600A348D9 /* AGMappingUndefinedObjectPropertyException.m */; };
		BAB51D5B1A850B2600A348D9 /* AGMappingManager.m in Sources */ = {isa = PBXBuildFile; fileRef = BAB51D381A850B2600A348D9 /* AGMappingManager.m */; };
		BAB51D5C1A850B2600A348D9 /* AGMappingPair.m in Sources */ = {isa = PBXBuildFile; fileRef = BAB51D3B1A850B2600A348D9 /* AGMappingPair.m */; };
		BAB51D5D1A850B2600A348D9 /* AGMappingPairCollection.m in Sources */ = {isa = PBXBuildFile; fileRef = BAB51D3E1A850B2600A348D9 /* AGMappingPairCollection.m */; };
		BAB51D5E1A850B2600A348D9 /* AGMappingPairArray.m in Sources */ = {isa = PBXBuildFile; fileRef = BAB51D411A850B2600A348D9 /* AGMappingPairArray.m */; };
		BAB51D5F1A850B2600A348D9 /* AGMappingPairDate.m in Sources */ = {isa = PBXBuildFile; fileRef = BAB51D431A850B2600A348D9 /* AGMappingPairDate.m */; };
		BAB51D601A850B2600A348D9 /* AGMappingPairNumber.m in Sources */ = {isa = PBXBuildFile; fileRef = BAB51D451A850B2600A348D9 /* AGMappingPairNumber.m */; };
		BAB51D611A850B2600A348D9 /* AGMappingPairObject.m in Sources */ = {isa = PBXBuildFile; fileRef = BAB51D471A850B2600A348D9 /* AGMappingPairObject.m */; };
		BAB51D621A850B2600A348D9 /* AGMappingPairString.m in Sources */ = {isa = PBXBuildFile; fileRef = BAB51D491A850B2600A348D9 /* AGMappingPairString.m */; };
		BAB51D631A850B2600A348D9 /* AGMappingPairBuilder.m in Sources */ = {isa = PBXBuildFile; fileRef = BAB51D4B1A850B2600A348D9 /* AGMappingPairBuilder.m */; };
		BAB51D641A850B2600A348D9 /* NSObject+AGMapping.m in Sources */ = {isa = PBXBuildFile; fileRef = BAB51D4E1A850B2600A348D9 /* NSObject+AGMapping.m */; };
		BAB51D651A850B2600A348D9 /* VBException.m in Sources */ = {isa = PBXBuildFile; fileRef = BAB51D541A850B2600A348D9 /* VBException.m */; };
		BAB51D661A850B2600A348D9 /* VBNotImplementedException.m in Sources */ = {isa = PBXBuildFile; fileRef = BAB51D561A850B2600A348D9 /* VBNotImplementedException.m */; };
		BAC8C9651A83AE9200F99897 /* AGMovie.m in Sources */ = {isa = PBXBuildFile; fileRef = BAC8C9641A83AE9200F99897 /* AGMovie.m */; };
		BAC8C9681A83AF0100F99897 /* AGMovieGenre.m in Sources */ = {isa = PBXBuildFile; fileRef = BAC8C9671A83AF0100F99897 /* AGMovieGenre.m */; };
		BAC8C96B1A83B00000F99897 /* AGPerson.m in Sources */ = {isa = PBXBuildFile; fileRef = BAC8C96A1A83B00000F99897 /* AGPerson.m */; };
/* End PBXBuildFile section */

/* Begin PBXContainerItemProxy section */
		BA9602781A8239D8004D7ABD /* PBXContainerItemProxy */ = {
			isa = PBXContainerItemProxy;
			containerPortal = BA9602561A8239D8004D7ABD /* Project object */;
			proxyType = 1;
			remoteGlobalIDString = BA96025D1A8239D8004D7ABD;
			remoteInfo = AGMappingExamples;
		};
/* End PBXContainerItemProxy section */

/* Begin PBXFileReference section */
		BA96025E1A8239D8004D7ABD /* AGMappingExamples.app */ = {isa = PBXFileReference; explicitFileType = wrapper.application; includeInIndex = 0; path = AGMappingExamples.app; sourceTree = BUILT_PRODUCTS_DIR; };
		BA9602621A8239D8004D7ABD /* Info.plist */ = {isa = PBXFileReference; lastKnownFileType = text.plist.xml; path = Info.plist; sourceTree = "<group>"; };
		BA9602631A8239D8004D7ABD /* main.m */ = {isa = PBXFileReference; lastKnownFileType = sourcecode.c.objc; path = main.m; sourceTree = "<group>"; };
		BA9602651A8239D8004D7ABD /* AppDelegate.h */ = {isa = PBXFileReference; lastKnownFileType = sourcecode.c.h; path = AppDelegate.h; sourceTree = "<group>"; };
		BA9602661A8239D8004D7ABD /* AppDelegate.m */ = {isa = PBXFileReference; lastKnownFileType = sourcecode.c.objc; path = AppDelegate.m; sourceTree = "<group>"; };
		BA9602681A8239D8004D7ABD /* ViewController.h */ = {isa = PBXFileReference; lastKnownFileType = sourcecode.c.h; path = ViewController.h; sourceTree = "<group>"; };
		BA9602691A8239D8004D7ABD /* ViewController.m */ = {isa = PBXFileReference; lastKnownFileType = sourcecode.c.objc; path = ViewController.m; sourceTree = "<group>"; };
		BA96026C1A8239D8004D7ABD /* Base */ = {isa = PBXFileReference; lastKnownFileType = file.storyboard; name = Base; path = Base.lproj/Main.storyboard; sourceTree = "<group>"; };
		BA96026E1A8239D8004D7ABD /* Images.xcassets */ = {isa = PBXFileReference; lastKnownFileType = folder.assetcatalog; path = Images.xcassets; sourceTree = "<group>"; };
		BA9602711A8239D8004D7ABD /* Base */ = {isa = PBXFileReference; lastKnownFileType = file.xib; name = Base; path = Base.lproj/LaunchScreen.xib; sourceTree = "<group>"; };
		BA9602771A8239D8004D7ABD /* AGMappingExamplesTests.xctest */ = {isa = PBXFileReference; explicitFileType = wrapper.cfbundle; includeInIndex = 0; path = AGMappingExamplesTests.xctest; sourceTree = BUILT_PRODUCTS_DIR; };
		BA96027C1A8239D8004D7ABD /* Info.plist */ = {isa = PBXFileReference; lastKnownFileType = text.plist.xml; path = Info.plist; sourceTree = "<group>"; };
		BA96027D1A8239D8004D7ABD /* AGMappingExamplesTests.m */ = {isa = PBXFileReference; lastKnownFileType = sourcecode.c.objc; path = AGMappingExamplesTests.m; sourceTree = "<group>"; };
		BAB51D2B1A850B2600A348D9 /* AGMapping.h */ = {isa = PBXFileReference; fileEncoding = 4; lastKnownFileType = sourcecode.c.h; path = AGMapping.h; sourceTree = "<group>"; };
		BAB51D2E1A850B2600A348D9 /* AGMappingClassIsNotMappingComplaintException.h */ = {isa = PBXFileReference; fileEncoding = 4; lastKnownFileType = sourcecode.c.h; path = AGMappingClassIsNotMappingComplaintException.h; sourceTree = "<group>"; };
		BAB51D2F1A850B2600A348D9 /* AGMappingClassIsNotMappingComplaintException.m */ = {isa = PBXFileReference; fileEncoding = 4; lastKnownFileType = sourcecode.c.objc; path = AGMappingClassIsNotMappingComplaintException.m; sourceTree = "<group>"; };
		BAB51D301A850B2600A348D9 /* AGMappingClassNameUndefinedException.h */ = {isa = PBXFileReference; fileEncoding = 4; lastKnownFileType = sourcecode.c.h; path = AGMappingClassNameUndefinedException.h; sourceTree = "<group>"; };
		BAB51D311A850B2600A348D9 /* AGMappingClassNameUndefinedException.m */ = {isa = PBXFileReference; fileEncoding = 4; lastKnownFileType = sourcecode.c.objc; path = AGMappingClassNameUndefinedException.m; sourceTree = "<group>"; };
		BAB51D321A850B2600A348D9 /* AGMappingInvalidMappingFormatException.h */ = {isa = PBXFileReference; fileEncoding = 4; lastKnownFileType = sourcecode.c.h; path = AGMappingInvalidMappingFormatException.h; sourceTree = "<group>"; };
		BAB51D331A850B2600A348D9 /* AGMappingInvalidMappingFormatException.m */ = {isa = PBXFileReference; fileEncoding = 4; lastKnownFileType = sourcecode.c.objc; path = AGMappingInvalidMappingFormatException.m; sourceTree = "<group>"; };
		BAB51D341A850B2600A348D9 /* AGMappingUndefinedObjectPropertyException.h */ = {isa = PBXFileReference; fileEncoding = 4; lastKnownFileType = sourcecode.c.h; path = AGMappingUndefinedObjectPropertyException.h; sourceTree = "<group>"; };
		BAB51D351A850B2600A348D9 /* AGMappingUndefinedObjectPropertyException.m */ = {isa = PBXFileReference; fileEncoding = 4; lastKnownFileType = sourcecode.c.objc; path = AGMappingUndefinedObjectPropertyException.m; sourceTree = "<group>"; };
		BAB51D371A850B2600A348D9 /* AGMappingManager.h */ = {isa = PBXFileReference; fileEncoding = 4; lastKnownFileType = sourcecode.c.h; path = AGMappingManager.h; sourceTree = "<group>"; };
		BAB51D381A850B2600A348D9 /* AGMappingManager.m */ = {isa = PBXFileReference; fileEncoding = 4; lastKnownFileType = sourcecode.c.objc; path = AGMappingManager.m; sourceTree = "<group>"; };
		BAB51D3A1A850B2600A348D9 /* AGMappingPair.h */ = {isa = PBXFileReference; fileEncoding = 4; lastKnownFileType = sourcecode.c.h; path = AGMappingPair.h; sourceTree = "<group>"; };
		BAB51D3B1A850B2600A348D9 /* AGMappingPair.m */ = {isa = PBXFileReference; fileEncoding = 4; lastKnownFileType = sourcecode.c.objc; path = AGMappingPair.m; sourceTree = "<group>"; };
		BAB51D3D1A850B2600A348D9 /* AGMappingPairCollection.h */ = {isa = PBXFileReference; fileEncoding = 4; lastKnownFileType = sourcecode.c.h; path = AGMappingPairCollection.h; sourceTree = "<group>"; };
		BAB51D3E1A850B2600A348D9 /* AGMappingPairCollection.m */ = {isa = PBXFileReference; fileEncoding = 4; lastKnownFileType = sourcecode.c.objc; path = AGMappingPairCollection.m; sourceTree = "<group>"; };
		BAB51D401A850B2600A348D9 /* AGMappingPairArray.h */ = {isa = PBXFileReference; fileEncoding = 4; lastKnownFileType = sourcecode.c.h; path = AGMappingPairArray.h; sourceTree = "<group>"; };
		BAB51D411A850B2600A348D9 /* AGMappingPairArray.m */ = {isa = PBXFileReference; fileEncoding = 4; lastKnownFileType = sourcecode.c.objc; path = AGMappingPairArray.m; sourceTree = "<group>"; };
		BAB51D421A850B2600A348D9 /* AGMappingPairDate.h */ = {isa = PBXFileReference; fileEncoding = 4; lastKnownFileType = sourcecode.c.h; path = AGMappingPairDate.h; sourceTree = "<group>"; };
		BAB51D431A850B2600A348D9 /* AGMappingPairDate.m */ = {isa = PBXFileReference; fileEncoding = 4; lastKnownFileType = sourcecode.c.objc; path = AGMappingPairDate.m; sourceTree = "<group>"; };
		BAB51D441A850B2600A348D9 /* AGMappingPairNumber.h */ = {isa = PBXFileReference; fileEncoding = 4; lastKnownFileType = sourcecode.c.h; path = AGMappingPairNumber.h; sourceTree = "<group>"; };
		BAB51D451A850B2600A348D9 /* AGMappingPairNumber.m */ = {isa = PBXFileReference; fileEncoding = 4; lastKnownFileType = sourcecode.c.objc; path = AGMappingPairNumber.m; sourceTree = "<group>"; };
		BAB51D461A850B2600A348D9 /* AGMappingPairObject.h */ = {isa = PBXFileReference; fileEncoding = 4; lastKnownFileType = sourcecode.c.h; path = AGMappingPairObject.h; sourceTree = "<group>"; };
		BAB51D471A850B2600A348D9 /* AGMappingPairObject.m */ = {isa = PBXFileReference; fileEncoding = 4; lastKnownFileType = sourcecode.c.objc; path = AGMappingPairObject.m; sourceTree = "<group>"; };
		BAB51D481A850B2600A348D9 /* AGMappingPairString.h */ = {isa = PBXFileReference; fileEncoding = 4; lastKnownFileType = sourcecode.c.h; path = AGMappingPairString.h; sourceTree = "<group>"; };
		BAB51D491A850B2600A348D9 /* AGMappingPairString.m */ = {isa = PBXFileReference; fileEncoding = 4; lastKnownFileType = sourcecode.c.objc; path = AGMappingPairString.m; sourceTree = "<group>"; };
		BAB51D4A1A850B2600A348D9 /* AGMappingPairBuilder.h */ = {isa = PBXFileReference; fileEncoding = 4; lastKnownFileType = sourcecode.c.h; path = AGMappingPairBuilder.h; sourceTree = "<group>"; };
		BAB51D4B1A850B2600A348D9 /* AGMappingPairBuilder.m */ = {isa = PBXFileReference; fileEncoding = 4; lastKnownFileType = sourcecode.c.objc; path = AGMappingPairBuilder.m; sourceTree = "<group>"; };
		BAB51D4C1A850B2600A348D9 /* AGMappingProtocol.h */ = {isa = PBXFileReference; fileEncoding = 4; lastKnownFileType = sourcecode.c.h; path = AGMappingProtocol.h; sourceTree = "<group>"; };
		BAB51D4D1A850B2600A348D9 /* NSObject+AGMapping.h */ = {isa = PBXFileReference; fileEncoding = 4; lastKnownFileType = sourcecode.c.h; path = "NSObject+AGMapping.h"; sourceTree = "<group>"; };
		BAB51D4E1A850B2600A348D9 /* NSObject+AGMapping.m */ = {isa = PBXFileReference; fileEncoding = 4; lastKnownFileType = sourcecode.c.objc; path = "NSObject+AGMapping.m"; sourceTree = "<group>"; };
		BAB51D511A850B2600A348D9 /* VBDefines.h */ = {isa = PBXFileReference; fileEncoding = 4; lastKnownFileType = sourcecode.c.h; path = VBDefines.h; sourceTree = "<group>"; };
		BAB51D531A850B2600A348D9 /* VBException.h */ = {isa = PBXFileReference; fileEncoding = 4; lastKnownFileType = sourcecode.c.h; path = VBException.h; sourceTree = "<group>"; };
		BAB51D541A850B2600A348D9 /* VBException.m */ = {isa = PBXFileReference; fileEncoding = 4; lastKnownFileType = sourcecode.c.objc; path = VBException.m; sourceTree = "<group>"; };
		BAB51D551A850B2600A348D9 /* VBNotImplementedException.h */ = {isa = PBXFileReference; fileEncoding = 4; lastKnownFileType = sourcecode.c.h; path = VBNotImplementedException.h; sourceTree = "<group>"; };
		BAB51D561A850B2600A348D9 /* VBNotImplementedException.m */ = {isa = PBXFileReference; fileEncoding = 4; lastKnownFileType = sourcecode.c.objc; path = VBNotImplementedException.m; sourceTree = "<group>"; };
		BAC8C9631A83AE9200F99897 /* AGMovie.h */ = {isa = PBXFileReference; fileEncoding = 4; lastKnownFileType = sourcecode.c.h; path = AGMovie.h; sourceTree = "<group>"; };
		BAC8C9641A83AE9200F99897 /* AGMovie.m */ = {isa = PBXFileReference; fileEncoding = 4; lastKnownFileType = sourcecode.c.objc; path = AGMovie.m; sourceTree = "<group>"; };
		BAC8C9661A83AF0100F99897 /* AGMovieGenre.h */ = {isa = PBXFileReference; fileEncoding = 4; lastKnownFileType = sourcecode.c.h; path = AGMovieGenre.h; sourceTree = "<group>"; };
		BAC8C9671A83AF0100F99897 /* AGMovieGenre.m */ = {isa = PBXFileReference; fileEncoding = 4; lastKnownFileType = sourcecode.c.objc; path = AGMovieGenre.m; sourceTree = "<group>"; };
		BAC8C9691A83B00000F99897 /* AGPerson.h */ = {isa = PBXFileReference; fileEncoding = 4; lastKnownFileType = sourcecode.c.h; path = AGPerson.h; sourceTree = "<group>"; };
		BAC8C96A1A83B00000F99897 /* AGPerson.m */ = {isa = PBXFileReference; fileEncoding = 4; lastKnownFileType = sourcecode.c.objc; path = AGPerson.m; sourceTree = "<group>"; };
/* End PBXFileReference section */

/* Begin PBXFrameworksBuildPhase section */
		BA96025B1A8239D8004D7ABD /* Frameworks */ = {
			isa = PBXFrameworksBuildPhase;
			buildActionMask = 2147483647;
			files = (
			);
			runOnlyForDeploymentPostprocessing = 0;
		};
		BA9602741A8239D8004D7ABD /* Frameworks */ = {
			isa = PBXFrameworksBuildPhase;
			buildActionMask = 2147483647;
			files = (
			);
			runOnlyForDeploymentPostprocessing = 0;
		};
/* End PBXFrameworksBuildPhase section */

/* Begin PBXGroup section */
		BA9602551A8239D8004D7ABD = {
			isa = PBXGroup;
			children = (
				BAB51D2A1A850B2600A348D9 /* AGMapping */,
				BA9602601A8239D8004D7ABD /* AGMappingExamples */,
				BA96027A1A8239D8004D7ABD /* AGMappingExamplesTests */,
				BA96025F1A8239D8004D7ABD /* Products */,
			);
			sourceTree = "<group>";
		};
		BA96025F1A8239D8004D7ABD /* Products */ = {
			isa = PBXGroup;
			children = (
				BA96025E1A8239D8004D7ABD /* AGMappingExamples.app */,
				BA9602771A8239D8004D7ABD /* AGMappingExamplesTests.xctest */,
			);
			name = Products;
			sourceTree = "<group>";
		};
		BA9602601A8239D8004D7ABD /* AGMappingExamples */ = {
			isa = PBXGroup;
			children = (
				BAC8C96C1A83B5A300F99897 /* objects */,
				BA9602651A8239D8004D7ABD /* AppDelegate.h */,
				BA9602661A8239D8004D7ABD /* AppDelegate.m */,
				BA9602681A8239D8004D7ABD /* ViewController.h */,
				BA9602691A8239D8004D7ABD /* ViewController.m */,
				BA96026B1A8239D8004D7ABD /* Main.storyboard */,
				BA96026E1A8239D8004D7ABD /* Images.xcassets */,
				BA9602701A8239D8004D7ABD /* LaunchScreen.xib */,
				BA9602611A8239D8004D7ABD /* Supporting Files */,
			);
			path = AGMappingExamples;
			sourceTree = "<group>";
		};
		BA9602611A8239D8004D7ABD /* Supporting Files */ = {
			isa = PBXGroup;
			children = (
				BA9602621A8239D8004D7ABD /* Info.plist */,
				BA9602631A8239D8004D7ABD /* main.m */,
			);
			name = "Supporting Files";
			sourceTree = "<group>";
		};
		BA96027A1A8239D8004D7ABD /* AGMappingExamplesTests */ = {
			isa = PBXGroup;
			children = (
				BA96027D1A8239D8004D7ABD /* AGMappingExamplesTests.m */,
				BA96027B1A8239D8004D7ABD /* Supporting Files */,
			);
			path = AGMappingExamplesTests;
			sourceTree = "<group>";
		};
		BA96027B1A8239D8004D7ABD /* Supporting Files */ = {
			isa = PBXGroup;
			children = (
				BA96027C1A8239D8004D7ABD /* Info.plist */,
			);
			name = "Supporting Files";
			sourceTree = "<group>";
		};
		BAB51D2A1A850B2600A348D9 /* AGMapping */ = {
			isa = PBXGroup;
			children = (
				BAB51D2B1A850B2600A348D9 /* AGMapping.h */,
				BAB51D2C1A850B2600A348D9 /* AGMappingInner */,
				BAB51D4F1A850B2600A348D9 /* frameworks */,
			);
			path = AGMapping;
			sourceTree = "<group>";
		};
		BAB51D2C1A850B2600A348D9 /* AGMappingInner */ = {
			isa = PBXGroup;
			children = (
				BAB51D2D1A850B2600A348D9 /* AGMappingExceptions */,
				BAB51D361A850B2600A348D9 /* AGMappingManager */,
				BAB51D4C1A850B2600A348D9 /* AGMappingProtocol.h */,
				BAB51D4D1A850B2600A348D9 /* NSObject+AGMapping.h */,
				BAB51D4E1A850B2600A348D9 /* NSObject+AGMapping.m */,
			);
			path = AGMappingInner;
			sourceTree = "<group>";
		};
		BAB51D2D1A850B2600A348D9 /* AGMappingExceptions */ = {
			isa = PBXGroup;
			children = (
				BAB51D2E1A850B2600A348D9 /* AGMappingClassIsNotMappingComplaintException.h */,
				BAB51D2F1A850B2600A348D9 /* AGMappingClassIsNotMappingComplaintException.m */,
				BAB51D301A850B2600A348D9 /* AGMappingClassNameUndefinedException.h */,
				BAB51D311A850B2600A348D9 /* AGMappingClassNameUndefinedException.m */,
				BAB51D321A850B2600A348D9 /* AGMappingInvalidMappingFormatException.h */,
				BAB51D331A850B2600A348D9 /* AGMappingInvalidMappingFormatException.m */,
				BAB51D341A850B2600A348D9 /* AGMappingUndefinedObjectPropertyException.h */,
				BAB51D351A850B2600A348D9 /* AGMappingUndefinedObjectPropertyException.m */,
			);
			path = AGMappingExceptions;
			sourceTree = "<group>";
		};
		BAB51D361A850B2600A348D9 /* AGMappingManager */ = {
			isa = PBXGroup;
			children = (
				BAB51D371A850B2600A348D9 /* AGMappingManager.h */,
				BAB51D381A850B2600A348D9 /* AGMappingManager.m */,
				BAB51D391A850B2600A348D9 /* AGMappingPair */,
				BAB51D4A1A850B2600A348D9 /* AGMappingPairBuilder.h */,
				BAB51D4B1A850B2600A348D9 /* AGMappingPairBuilder.m */,
			);
			path = AGMappingManager;
			sourceTree = "<group>";
		};
		BAB51D391A850B2600A348D9 /* AGMappingPair */ = {
			isa = PBXGroup;
			children = (
				BAB51D3A1A850B2600A348D9 /* AGMappingPair.h */,
				BAB51D3B1A850B2600A348D9 /* AGMappingPair.m */,
				BAB51D3C1A850B2600A348D9 /* AGMappingPairConcrete */,
			);
			path = AGMappingPair;
			sourceTree = "<group>";
		};
		BAB51D3C1A850B2600A348D9 /* AGMappingPairConcrete */ = {
			isa = PBXGroup;
			children = (
				BAB51D3D1A850B2600A348D9 /* AGMappingPairCollection.h */,
				BAB51D3E1A850B2600A348D9 /* AGMappingPairCollection.m */,
				BAB51D3F1A850B2600A348D9 /* AGMappingPairCollections */,
				BAB51D421A850B2600A348D9 /* AGMappingPairDate.h */,
				BAB51D431A850B2600A348D9 /* AGMappingPairDate.m */,
				BAB51D441A850B2600A348D9 /* AGMappingPairNumber.h */,
				BAB51D451A850B2600A348D9 /* AGMappingPairNumber.m */,
				BAB51D461A850B2600A348D9 /* AGMappingPairObject.h */,
				BAB51D471A850B2600A348D9 /* AGMappingPairObject.m */,
				BAB51D481A850B2600A348D9 /* AGMappingPairString.h */,
				BAB51D491A850B2600A348D9 /* AGMappingPairString.m */,
			);
			path = AGMappingPairConcrete;
			sourceTree = "<group>";
		};
		BAB51D3F1A850B2600A348D9 /* AGMappingPairCollections */ = {
			isa = PBXGroup;
			children = (
				BAB51D401A850B2600A348D9 /* AGMappingPairArray.h */,
				BAB51D411A850B2600A348D9 /* AGMappingPairArray.m */,
			);
			path = AGMappingPairCollections;
			sourceTree = "<group>";
		};
		BAB51D4F1A850B2600A348D9 /* frameworks */ = {
			isa = PBXGroup;
			children = (
				BAB51D501A850B2600A348D9 /* VBDefines */,
				BAB51D521A850B2600A348D9 /* VBException */,
			);
			path = frameworks;
			sourceTree = "<group>";
		};
		BAB51D501A850B2600A348D9 /* VBDefines */ = {
			isa = PBXGroup;
			children = (
				BAB51D511A850B2600A348D9 /* VBDefines.h */,
			);
			path = VBDefines;
			sourceTree = "<group>";
		};
		BAB51D521A850B2600A348D9 /* VBException */ = {
			isa = PBXGroup;
			children = (
				BAB51D531A850B2600A348D9 /* VBException.h */,
				BAB51D541A850B2600A348D9 /* VBException.m */,
				BAB51D551A850B2600A348D9 /* VBNotImplementedException.h */,
				BAB51D561A850B2600A348D9 /* VBNotImplementedException.m */,
			);
			path = VBException;
			sourceTree = "<group>";
		};
		BAC8C96C1A83B5A300F99897 /* objects */ = {
			isa = PBXGroup;
			children = (
				BAC8C9631A83AE9200F99897 /* AGMovie.h */,
				BAC8C9641A83AE9200F99897 /* AGMovie.m */,
				BAC8C9661A83AF0100F99897 /* AGMovieGenre.h */,
				BAC8C9671A83AF0100F99897 /* AGMovieGenre.m */,
				BAC8C9691A83B00000F99897 /* AGPerson.h */,
				BAC8C96A1A83B00000F99897 /* AGPerson.m */,
			);
			name = objects;
			sourceTree = "<group>";
		};
/* End PBXGroup section */

/* Begin PBXNativeTarget section */
		BA96025D1A8239D8004D7ABD /* AGMappingExamples */ = {
			isa = PBXNativeTarget;
			buildConfigurationList = BA9602811A8239D8004D7ABD /* Build configuration list for PBXNativeTarget "AGMappingExamples" */;
			buildPhases = (
				BA96025A1A8239D8004D7ABD /* Sources */,
				BA96025B1A8239D8004D7ABD /* Frameworks */,
				BA96025C1A8239D8004D7ABD /* Resources */,
			);
			buildRules = (
			);
			dependencies = (
			);
			name = AGMappingExamples;
			productName = AGMappingExamples;
			productReference = BA96025E1A8239D8004D7ABD /* AGMappingExamples.app */;
			productType = "com.apple.product-type.application";
		};
		BA9602761A8239D8004D7ABD /* AGMappingExamplesTests */ = {
			isa = PBXNativeTarget;
			buildConfigurationList = BA9602841A8239D8004D7ABD /* Build configuration list for PBXNativeTarget "AGMappingExamplesTests" */;
			buildPhases = (
				BA9602731A8239D8004D7ABD /* Sources */,
				BA9602741A8239D8004D7ABD /* Frameworks */,
				BA9602751A8239D8004D7ABD /* Resources */,
			);
			buildRules = (
			);
			dependencies = (
				BA9602791A8239D8004D7ABD /* PBXTargetDependency */,
			);
			name = AGMappingExamplesTests;
			productName = AGMappingExamplesTests;
			productReference = BA9602771A8239D8004D7ABD /* AGMappingExamplesTests.xctest */;
			productType = "com.apple.product-type.bundle.unit-test";
		};
/* End PBXNativeTarget section */

/* Begin PBXProject section */
		BA9602561A8239D8004D7ABD /* Project object */ = {
			isa = PBXProject;
			attributes = {
				LastUpgradeCheck = 0610;
				ORGANIZATIONNAME = "Allgoritm LLC";
				TargetAttributes = {
					BA96025D1A8239D8004D7ABD = {
						CreatedOnToolsVersion = 6.1.1;
					};
					BA9602761A8239D8004D7ABD = {
						CreatedOnToolsVersion = 6.1.1;
						TestTargetID = BA96025D1A8239D8004D7ABD;
					};
				};
			};
			buildConfigurationList = BA9602591A8239D8004D7ABD /* Build configuration list for PBXProject "AGMappingExamples" */;
			compatibilityVersion = "Xcode 3.2";
			developmentRegion = English;
			hasScannedForEncodings = 0;
			knownRegions = (
				en,
				Base,
			);
			mainGroup = BA9602551A8239D8004D7ABD;
			productRefGroup = BA96025F1A8239D8004D7ABD /* Products */;
			projectDirPath = "";
			projectRoot = "";
			targets = (
				BA96025D1A8239D8004D7ABD /* AGMappingExamples */,
				BA9602761A8239D8004D7ABD /* AGMappingExamplesTests */,
			);
		};
/* End PBXProject section */

/* Begin PBXResourcesBuildPhase section */
		BA96025C1A8239D8004D7ABD /* Resources */ = {
			isa = PBXResourcesBuildPhase;
			buildActionMask = 2147483647;
			files = (
				BA96026D1A8239D8004D7ABD /* Main.storyboard in Resources */,
				BA9602721A8239D8004D7ABD /* LaunchScreen.xib in Resources */,
				BA96026F1A8239D8004D7ABD /* Images.xcassets in Resources */,
			);
			runOnlyForDeploymentPostprocessing = 0;
		};
		BA9602751A8239D8004D7ABD /* Resources */ = {
			isa = PBXResourcesBuildPhase;
			buildActionMask = 2147483647;
			files = (
			);
			runOnlyForDeploymentPostprocessing = 0;
		};
/* End PBXResourcesBuildPhase section */

/* Begin PBXSourcesBuildPhase section */
		BA96025A1A8239D8004D7ABD /* Sources */ = {
			isa = PBXSourcesBuildPhase;
			buildActionMask = 2147483647;
			files = (
				BA96026A1A8239D8004D7ABD /* ViewController.m in Sources */,
				BA9602671A8239D8004D7ABD /* AppDelegate.m in Sources */,
				BAB51D5E1A850B2600A348D9 /* AGMappingPairArray.m in Sources */,
				BAB51D621A850B2600A348D9 /* AGMappingPairString.m in Sources */,
				BAB51D571A850B2600A348D9 /* AGMappingClassIsNotMappingComplaintException.m in Sources */,
				BAB51D5F1A850B2600A348D9 /* AGMappingPairDate.m in Sources */,
				BAB51D641A850B2600A348D9 /* NSObject+AGMapping.m in Sources */,
				BAC8C9651A83AE9200F99897 /* AGMovie.m in Sources */,
				BAC8C9681A83AF0100F99897 /* AGMovieGenre.m in Sources */,
				BAB51D611A850B2600A348D9 /* AGMappingPairObject.m in Sources */,
				BAB51D651A850B2600A348D9 /* VBException.m in Sources */,
				BAB51D581A850B2600A348D9 /* AGMappingClassNameUndefinedException.m in Sources */,
				BAB51D661A850B2600A348D9 /* VBNotImplementedException.m in Sources */,
				BAB51D5D1A850B2600A348D9 /* AGMappingPairCollection.m in Sources */,
				BAB51D601A850B2600A348D9 /* AGMappingPairNumber.m in Sources */,
				BAB51D631A850B2600A348D9 /* AGMappingPairBuilder.m in Sources */,
				BAC8C96B1A83B00000F99897 /* AGPerson.m in Sources */,
				BA9602641A8239D8004D7ABD /* main.m in Sources */,
				BAB51D591A850B2600A348D9 /* AGMappingInvalidMappingFormatException.m in Sources */,
				BAB51D5B1A850B2600A348D9 /* AGMappingManager.m in Sources */,
				BAB51D5C1A850B2600A348D9 /* AGMappingPair.m in Sources */,
				BAB51D5A1A850B2600A348D9 /* AGMappingUndefinedObjectPropertyException.m in Sources */,
			);
			runOnlyForDeploymentPostprocessing = 0;
		};
		BA9602731A8239D8004D7ABD /* Sources */ = {
			isa = PBXSourcesBuildPhase;
			buildActionMask = 2147483647;
			files = (
				BA96027E1A8239D8004D7ABD /* AGMappingExamplesTests.m in Sources */,
			);
			runOnlyForDeploymentPostprocessing = 0;
		};
/* End PBXSourcesBuildPhase section */

/* Begin PBXTargetDependency section */
		BA9602791A8239D8004D7ABD /* PBXTargetDependency */ = {
			isa = PBXTargetDependency;
			target = BA96025D1A8239D8004D7ABD /* AGMappingExamples */;
			targetProxy = BA9602781A8239D8004D7ABD /* PBXContainerItemProxy */;
		};
/* End PBXTargetDependency section */

/* Begin PBXVariantGroup section */
		BA96026B1A8239D8004D7ABD /* Main.storyboard */ = {
			isa = PBXVariantGroup;
			children = (
				BA96026C1A8239D8004D7ABD /* Base */,
			);
			name = Main.storyboard;
			sourceTree = "<group>";
		};
		BA9602701A8239D8004D7ABD /* LaunchScreen.xib */ = {
			isa = PBXVariantGroup;
			children = (
				BA9602711A8239D8004D7ABD /* Base */,
			);
			name = LaunchScreen.xib;
			sourceTree = "<group>";
		};
/* End PBXVariantGroup section */

/* Begin XCBuildConfiguration section */
		BA96027F1A8239D8004D7ABD /* Debug */ = {
			isa = XCBuildConfiguration;
			buildSettings = {
				ALWAYS_SEARCH_USER_PATHS = NO;
				CLANG_CXX_LANGUAGE_STANDARD = "gnu++0x";
				CLANG_CXX_LIBRARY = "libc++";
				CLANG_ENABLE_MODULES = YES;
				CLANG_ENABLE_OBJC_ARC = YES;
				CLANG_WARN_BOOL_CONVERSION = YES;
				CLANG_WARN_CONSTANT_CONVERSION = YES;
				CLANG_WARN_DIRECT_OBJC_ISA_USAGE = YES_ERROR;
				CLANG_WARN_EMPTY_BODY = YES;
				CLANG_WARN_ENUM_CONVERSION = YES;
				CLANG_WARN_INT_CONVERSION = YES;
				CLANG_WARN_OBJC_ROOT_CLASS = YES_ERROR;
				CLANG_WARN_UNREACHABLE_CODE = YES;
				CLANG_WARN__DUPLICATE_METHOD_MATCH = YES;
				"CODE_SIGN_IDENTITY[sdk=iphoneos*]" = "iPhone Developer";
				COPY_PHASE_STRIP = NO;
				ENABLE_STRICT_OBJC_MSGSEND = YES;
				GCC_C_LANGUAGE_STANDARD = gnu99;
				GCC_DYNAMIC_NO_PIC = NO;
				GCC_OPTIMIZATION_LEVEL = 0;
				GCC_PREPROCESSOR_DEFINITIONS = (
					"DEBUG=1",
					"$(inherited)",
				);
				GCC_SYMBOLS_PRIVATE_EXTERN = NO;
				GCC_WARN_64_TO_32_BIT_CONVERSION = YES;
				GCC_WARN_ABOUT_RETURN_TYPE = YES_ERROR;
				GCC_WARN_UNDECLARED_SELECTOR = YES;
				GCC_WARN_UNINITIALIZED_AUTOS = YES_AGGRESSIVE;
				GCC_WARN_UNUSED_FUNCTION = YES;
				GCC_WARN_UNUSED_VARIABLE = YES;
				IPHONEOS_DEPLOYMENT_TARGET = 8.1;
				MTL_ENABLE_DEBUG_INFO = YES;
				ONLY_ACTIVE_ARCH = YES;
				SDKROOT = iphoneos;
				TARGETED_DEVICE_FAMILY = "1,2";
			};
			name = Debug;
		};
		BA9602801A8239D8004D7ABD /* Release */ = {
			isa = XCBuildConfiguration;
			buildSettings = {
				ALWAYS_SEARCH_USER_PATHS = NO;
				CLANG_CXX_LANGUAGE_STANDARD = "gnu++0x";
				CLANG_CXX_LIBRARY = "libc++";
				CLANG_ENABLE_MODULES = YES;
				CLANG_ENABLE_OBJC_ARC = YES;
				CLANG_WARN_BOOL_CONVERSION = YES;
				CLANG_WARN_CONSTANT_CONVERSION = YES;
				CLANG_WARN_DIRECT_OBJC_ISA_USAGE = YES_ERROR;
				CLANG_WARN_EMPTY_BODY = YES;
				CLANG_WARN_ENUM_CONVERSION = YES;
				CLANG_WARN_INT_CONVERSION = YES;
				CLANG_WARN_OBJC_ROOT_CLASS = YES_ERROR;
				CLANG_WARN_UNREACHABLE_CODE = YES;
				CLANG_WARN__DUPLICATE_METHOD_MATCH = YES;
				"CODE_SIGN_IDENTITY[sdk=iphoneos*]" = "iPhone Developer";
				COPY_PHASE_STRIP = YES;
				ENABLE_NS_ASSERTIONS = NO;
				ENABLE_STRICT_OBJC_MSGSEND = YES;
				GCC_C_LANGUAGE_STANDARD = gnu99;
				GCC_WARN_64_TO_32_BIT_CONVERSION = YES;
				GCC_WARN_ABOUT_RETURN_TYPE = YES_ERROR;
				GCC_WARN_UNDECLARED_SELECTOR = YES;
				GCC_WARN_UNINITIALIZED_AUTOS = YES_AGGRESSIVE;
				GCC_WARN_UNUSED_FUNCTION = YES;
				GCC_WARN_UNUSED_VARIABLE = YES;
				IPHONEOS_DEPLOYMENT_TARGET = 8.1;
				MTL_ENABLE_DEBUG_INFO = NO;
				SDKROOT = iphoneos;
				TARGETED_DEVICE_FAMILY = "1,2";
				VALIDATE_PRODUCT = YES;
			};
			name = Release;
		};
		BA9602821A8239D8004D7ABD /* Debug */ = {
			isa = XCBuildConfiguration;
			buildSettings = {
				ASSETCATALOG_COMPILER_APPICON_NAME = AppIcon;
				INFOPLIST_FILE = AGMappingExamples/Info.plist;
				LD_RUNPATH_SEARCH_PATHS = "$(inherited) @executable_path/Frameworks";
				PRODUCT_NAME = "$(TARGET_NAME)";
			};
			name = Debug;
		};
		BA9602831A8239D8004D7ABD /* Release */ = {
			isa = XCBuildConfiguration;
			buildSettings = {
				ASSETCATALOG_COMPILER_APPICON_NAME = AppIcon;
				INFOPLIST_FILE = AGMappingExamples/Info.plist;
				LD_RUNPATH_SEARCH_PATHS = "$(inherited) @executable_path/Frameworks";
				PRODUCT_NAME = "$(TARGET_NAME)";
			};
			name = Release;
		};
		BA9602851A8239D8004D7ABD /* Debug */ = {
			isa = XCBuildConfiguration;
			buildSettings = {
				BUNDLE_LOADER = "$(TEST_HOST)";
				FRAMEWORK_SEARCH_PATHS = (
					"$(SDKROOT)/Developer/Library/Frameworks",
					"$(inherited)",
				);
				GCC_PREPROCESSOR_DEFINITIONS = (
					"DEBUG=1",
					"$(inherited)",
				);
				INFOPLIST_FILE = AGMappingExamplesTests/Info.plist;
				LD_RUNPATH_SEARCH_PATHS = "$(inherited) @executable_path/Frameworks @loader_path/Frameworks";
				PRODUCT_NAME = "$(TARGET_NAME)";
				TEST_HOST = "$(BUILT_PRODUCTS_DIR)/AGMappingExamples.app/AGMappingExamples";
			};
			name = Debug;
		};
		BA9602861A8239D8004D7ABD /* Release */ = {
			isa = XCBuildConfiguration;
			buildSettings = {
				BUNDLE_LOADER = "$(TEST_HOST)";
				FRAMEWORK_SEARCH_PATHS = (
					"$(SDKROOT)/Developer/Library/Frameworks",
					"$(inherited)",
				);
				INFOPLIST_FILE = AGMappingExamplesTests/Info.plist;
				LD_RUNPATH_SEARCH_PATHS = "$(inherited) @executable_path/Frameworks @loader_path/Frameworks";
				PRODUCT_NAME = "$(TARGET_NAME)";
				TEST_HOST = "$(BUILT_PRODUCTS_DIR)/AGMappingExamples.app/AGMappingExamples";
			};
			name = Release;
		};
/* End XCBuildConfiguration section */

/* Begin XCConfigurationList section */
		BA9602591A8239D8004D7ABD /* Build configuration list for PBXProject "AGMappingExamples" */ = {
			isa = XCConfigurationList;
			buildConfigurations = (
				BA96027F1A8239D8004D7ABD /* Debug */,
				BA9602801A8239D8004D7ABD /* Release */,
			);
			defaultConfigurationIsVisible = 0;
			defaultConfigurationName = Release;
		};
		BA9602811A8239D8004D7ABD /* Build configuration list for PBXNativeTarget "AGMappingExamples" */ = {
			isa = XCConfigurationList;
			buildConfigurations = (
				BA9602821A8239D8004D7ABD /* Debug */,
				BA9602831A8239D8004D7ABD /* Release */,
			);
			defaultConfigurationIsVisible = 0;
			defaultConfigurationName = Release;
		};
		BA9602841A8239D8004D7ABD /* Build configuration list for PBXNativeTarget "AGMappingExamplesTests" */ = {
			isa = XCConfigurationList;
			buildConfigurations = (
				BA9602851A8239D8004D7ABD /* Debug */,
				BA9602861A8239D8004D7ABD /* Release */,
			);
			defaultConfigurationIsVisible = 0;
			defaultConfigurationName = Release;
		};
/* End XCConfigurationList section */
	};
	rootObject = BA9602561A8239D8004D7ABD /* Project object */;
}
