// !$*UTF8*$!
{
	archiveVersion = 1;
	classes = {
	};
	objectVersion = 46;
	objects = {

/* Begin PBXBuildFile section */
		313725A71C10235000593628 /* AGMappingClassIsNotMappingComplaintException.m in Sources */ = {isa = PBXBuildFile; fileRef = 313725851C10235000593628 /* AGMappingClassIsNotMappingComplaintException.m */; };
		313725A81C10235000593628 /* AGMappingClassNameUndefinedException.m in Sources */ = {isa = PBXBuildFile; fileRef = 313725871C10235000593628 /* AGMappingClassNameUndefinedException.m */; };
		313725A91C10235000593628 /* AGMappingInvalidMappingFormatException.m in Sources */ = {isa = PBXBuildFile; fileRef = 313725891C10235000593628 /* AGMappingInvalidMappingFormatException.m */; };
		313725AA1C10235000593628 /* AGMappingUndefinedObjectPropertyException.m in Sources */ = {isa = PBXBuildFile; fileRef = 3137258B1C10235000593628 /* AGMappingUndefinedObjectPropertyException.m */; };
		313725AB1C10235000593628 /* AGMappingManager.m in Sources */ = {isa = PBXBuildFile; fileRef = 3137258E1C10235000593628 /* AGMappingManager.m */; };
		313725AC1C10235000593628 /* AGMappingPair.m in Sources */ = {isa = PBXBuildFile; fileRef = 313725911C10235000593628 /* AGMappingPair.m */; };
		313725AD1C10235000593628 /* AGMappingPairCollection.m in Sources */ = {isa = PBXBuildFile; fileRef = 313725941C10235000593628 /* AGMappingPairCollection.m */; };
		313725AE1C10235000593628 /* AGMappingPairArray.m in Sources */ = {isa = PBXBuildFile; fileRef = 313725971C10235000593628 /* AGMappingPairArray.m */; };
		313725AF1C10235000593628 /* AGMappingPairDate.m in Sources */ = {isa = PBXBuildFile; fileRef = 313725991C10235000593628 /* AGMappingPairDate.m */; };
		313725B01C10235000593628 /* AGMappingPairNumber.m in Sources */ = {isa = PBXBuildFile; fileRef = 3137259B1C10235000593628 /* AGMappingPairNumber.m */; };
		313725B11C10235000593628 /* AGMappingPairObject.m in Sources */ = {isa = PBXBuildFile; fileRef = 3137259D1C10235000593628 /* AGMappingPairObject.m */; };
		313725B21C10235000593628 /* AGMappingPairString.m in Sources */ = {isa = PBXBuildFile; fileRef = 3137259F1C10235000593628 /* AGMappingPairString.m */; };
		313725B31C10235000593628 /* AGMappingPairBuilder.m in Sources */ = {isa = PBXBuildFile; fileRef = 313725A11C10235000593628 /* AGMappingPairBuilder.m */; };
		313725B41C10235000593628 /* NSDictionary+JSONObject.m in Sources */ = {isa = PBXBuildFile; fileRef = 313725A41C10235000593628 /* NSDictionary+JSONObject.m */; };
		313725B51C10235000593628 /* NSObject+AGMapping.m in Sources */ = {isa = PBXBuildFile; fileRef = 313725A61C10235000593628 /* NSObject+AGMapping.m */; };
		313725BE1C1025AC00593628 /* VBException.m in Sources */ = {isa = PBXBuildFile; fileRef = 313725BB1C1025AC00593628 /* VBException.m */; };
		313725BF1C1025AC00593628 /* VBNotImplementedException.m in Sources */ = {isa = PBXBuildFile; fileRef = 313725BD1C1025AC00593628 /* VBNotImplementedException.m */; };
		BA9602641A8239D8004D7ABD /* main.m in Sources */ = {isa = PBXBuildFile; fileRef = BA9602631A8239D8004D7ABD /* main.m */; };
		BA9602671A8239D8004D7ABD /* AppDelegate.m in Sources */ = {isa = PBXBuildFile; fileRef = BA9602661A8239D8004D7ABD /* AppDelegate.m */; };
		BA96026A1A8239D8004D7ABD /* ViewController.m in Sources */ = {isa = PBXBuildFile; fileRef = BA9602691A8239D8004D7ABD /* ViewController.m */; };
		BA96026D1A8239D8004D7ABD /* Main.storyboard in Resources */ = {isa = PBXBuildFile; fileRef = BA96026B1A8239D8004D7ABD /* Main.storyboard */; };
		BA96026F1A8239D8004D7ABD /* Images.xcassets in Resources */ = {isa = PBXBuildFile; fileRef = BA96026E1A8239D8004D7ABD /* Images.xcassets */; };
		BA9602721A8239D8004D7ABD /* LaunchScreen.xib in Resources */ = {isa = PBXBuildFile; fileRef = BA9602701A8239D8004D7ABD /* LaunchScreen.xib */; };
		BA96027E1A8239D8004D7ABD /* AGMappingExamplesTests.m in Sources */ = {isa = PBXBuildFile; fileRef = BA96027D1A8239D8004D7ABD /* AGMappingExamplesTests.m */; };
		BAC8C9651A83AE9200F99897 /* AGMovie.m in Sources */ = {isa = PBXBuildFile; fileRef = BAC8C9641A83AE9200F99897 /* AGMovie.m */; };
		BAC8C9681A83AF0100F99897 /* AGMovieGenre.m in Sources */ = {isa = PBXBuildFile; fileRef = BAC8C9671A83AF0100F99897 /* AGMovieGenre.m */; };
		BAC8C96B1A83B00000F99897 /* AGPerson.m in Sources */ = {isa = PBXBuildFile; fileRef = BAC8C96A1A83B00000F99897 /* AGPerson.m */; };
		CED4555C1AA43A8C005EE426 /* AGMappingPairDateTests.m in Sources */ = {isa = PBXBuildFile; fileRef = CED4555B1AA43A8C005EE426 /* AGMappingPairDateTests.m */; };
		CED4556E1AA453D3005EE426 /* AGMock.m in Sources */ = {isa = PBXBuildFile; fileRef = CED4556D1AA453D3005EE426 /* AGMock.m */; };
		CED455701AA45DD5005EE426 /* AGMappingPairNumberTests.m in Sources */ = {isa = PBXBuildFile; fileRef = CED4556F1AA45DD5005EE426 /* AGMappingPairNumberTests.m */; };
		CED455721AA467FE005EE426 /* AGMappingPairStringTests.m in Sources */ = {isa = PBXBuildFile; fileRef = CED455711AA467FE005EE426 /* AGMappingPairStringTests.m */; };
		CED455771AA46AB8005EE426 /* AGMappingTestcase.m in Sources */ = {isa = PBXBuildFile; fileRef = CED455761AA46AB8005EE426 /* AGMappingTestcase.m */; };
		CED455791AA49FC7005EE426 /* AGMappingPairObjectTests.m in Sources */ = {isa = PBXBuildFile; fileRef = CED455781AA49FC7005EE426 /* AGMappingPairObjectTests.m */; };
		CED4557D1AA59639005EE426 /* AGMappingPairCollectionTests.m in Sources */ = {isa = PBXBuildFile; fileRef = CED4557C1AA59639005EE426 /* AGMappingPairCollectionTests.m */; };
		CED4557F1AA5B0AD005EE426 /* AGMappingPairArrayTests.m in Sources */ = {isa = PBXBuildFile; fileRef = CED4557E1AA5B0AD005EE426 /* AGMappingPairArrayTests.m */; };
		CED455831AA5BEE8005EE426 /* AGMappingPairTests.m in Sources */ = {isa = PBXBuildFile; fileRef = CED455821AA5BEE8005EE426 /* AGMappingPairTests.m */; };
		CED455851AA5DBE4005EE426 /* AGMappingPairBuilderTests.m in Sources */ = {isa = PBXBuildFile; fileRef = CED455841AA5DBE4005EE426 /* AGMappingPairBuilderTests.m */; };
		CED455871AA5EF75005EE426 /* AGMappingManagerTests.m in Sources */ = {isa = PBXBuildFile; fileRef = CED455861AA5EF75005EE426 /* AGMappingManagerTests.m */; };
		CED4558B1AA5F694005EE426 /* AGMappingTestsHelper.m in Sources */ = {isa = PBXBuildFile; fileRef = CED4558A1AA5F694005EE426 /* AGMappingTestsHelper.m */; };
		CED455921AA6041A005EE426 /* AGInvalidMapKeyToMock.m in Sources */ = {isa = PBXBuildFile; fileRef = CED455911AA6041A005EE426 /* AGInvalidMapKeyToMock.m */; };
		CED455951AA605BC005EE426 /* AGInvalidMapKeyFromMock.m in Sources */ = {isa = PBXBuildFile; fileRef = CED455941AA605BC005EE426 /* AGInvalidMapKeyFromMock.m */; };
		CEDD84811AA6E8E400588F4F /* NSObject+AGMappingTests.m in Sources */ = {isa = PBXBuildFile; fileRef = CEDD84801AA6E8E400588F4F /* NSObject+AGMappingTests.m */; };
/* End PBXBuildFile section */

/* Begin PBXContainerItemProxy section */
		BA9602781A8239D8004D7ABD /* PBXContainerItemProxy */ = {
			isa = PBXContainerItemProxy;
			containerPortal = BA9602561A8239D8004D7ABD /* Project object */;
			proxyType = 1;
			remoteGlobalIDString = BA96025D1A8239D8004D7ABD;
			remoteInfo = AGMappingExamples;
		};
/* End PBXContainerItemProxy section */

/* Begin PBXFileReference section */
		313725811C10235000593628 /* AGMapping.h */ = {isa = PBXFileReference; fileEncoding = 4; lastKnownFileType = sourcecode.c.h; path = AGMapping.h; sourceTree = "<group>"; };
		313725841C10235000593628 /* AGMappingClassIsNotMappingComplaintException.h */ = {isa = PBXFileReference; fileEncoding = 4; lastKnownFileType = sourcecode.c.h; path = AGMappingClassIsNotMappingComplaintException.h; sourceTree = "<group>"; };
		313725851C10235000593628 /* AGMappingClassIsNotMappingComplaintException.m */ = {isa = PBXFileReference; fileEncoding = 4; lastKnownFileType = sourcecode.c.objc; path = AGMappingClassIsNotMappingComplaintException.m; sourceTree = "<group>"; };
		313725861C10235000593628 /* AGMappingClassNameUndefinedException.h */ = {isa = PBXFileReference; fileEncoding = 4; lastKnownFileType = sourcecode.c.h; path = AGMappingClassNameUndefinedException.h; sourceTree = "<group>"; };
		313725871C10235000593628 /* AGMappingClassNameUndefinedException.m */ = {isa = PBXFileReference; fileEncoding = 4; lastKnownFileType = sourcecode.c.objc; path = AGMappingClassNameUndefinedException.m; sourceTree = "<group>"; };
		313725881C10235000593628 /* AGMappingInvalidMappingFormatException.h */ = {isa = PBXFileReference; fileEncoding = 4; lastKnownFileType = sourcecode.c.h; path = AGMappingInvalidMappingFormatException.h; sourceTree = "<group>"; };
		313725891C10235000593628 /* AGMappingInvalidMappingFormatException.m */ = {isa = PBXFileReference; fileEncoding = 4; lastKnownFileType = sourcecode.c.objc; path = AGMappingInvalidMappingFormatException.m; sourceTree = "<group>"; };
		3137258A1C10235000593628 /* AGMappingUndefinedObjectPropertyException.h */ = {isa = PBXFileReference; fileEncoding = 4; lastKnownFileType = sourcecode.c.h; path = AGMappingUndefinedObjectPropertyException.h; sourceTree = "<group>"; };
		3137258B1C10235000593628 /* AGMappingUndefinedObjectPropertyException.m */ = {isa = PBXFileReference; fileEncoding = 4; lastKnownFileType = sourcecode.c.objc; path = AGMappingUndefinedObjectPropertyException.m; sourceTree = "<group>"; };
		3137258D1C10235000593628 /* AGMappingManager.h */ = {isa = PBXFileReference; fileEncoding = 4; lastKnownFileType = sourcecode.c.h; path = AGMappingManager.h; sourceTree = "<group>"; };
		3137258E1C10235000593628 /* AGMappingManager.m */ = {isa = PBXFileReference; fileEncoding = 4; lastKnownFileType = sourcecode.c.objc; path = AGMappingManager.m; sourceTree = "<group>"; };
		313725901C10235000593628 /* AGMappingPair.h */ = {isa = PBXFileReference; fileEncoding = 4; lastKnownFileType = sourcecode.c.h; path = AGMappingPair.h; sourceTree = "<group>"; };
		313725911C10235000593628 /* AGMappingPair.m */ = {isa = PBXFileReference; fileEncoding = 4; lastKnownFileType = sourcecode.c.objc; path = AGMappingPair.m; sourceTree = "<group>"; };
		313725931C10235000593628 /* AGMappingPairCollection.h */ = {isa = PBXFileReference; fileEncoding = 4; lastKnownFileType = sourcecode.c.h; path = AGMappingPairCollection.h; sourceTree = "<group>"; };
		313725941C10235000593628 /* AGMappingPairCollection.m */ = {isa = PBXFileReference; fileEncoding = 4; lastKnownFileType = sourcecode.c.objc; path = AGMappingPairCollection.m; sourceTree = "<group>"; };
		313725961C10235000593628 /* AGMappingPairArray.h */ = {isa = PBXFileReference; fileEncoding = 4; lastKnownFileType = sourcecode.c.h; path = AGMappingPairArray.h; sourceTree = "<group>"; };
		313725971C10235000593628 /* AGMappingPairArray.m */ = {isa = PBXFileReference; fileEncoding = 4; lastKnownFileType = sourcecode.c.objc; path = AGMappingPairArray.m; sourceTree = "<group>"; };
		313725981C10235000593628 /* AGMappingPairDate.h */ = {isa = PBXFileReference; fileEncoding = 4; lastKnownFileType = sourcecode.c.h; path = AGMappingPairDate.h; sourceTree = "<group>"; };
		313725991C10235000593628 /* AGMappingPairDate.m */ = {isa = PBXFileReference; fileEncoding = 4; lastKnownFileType = sourcecode.c.objc; path = AGMappingPairDate.m; sourceTree = "<group>"; };
		3137259A1C10235000593628 /* AGMappingPairNumber.h */ = {isa = PBXFileReference; fileEncoding = 4; lastKnownFileType = sourcecode.c.h; path = AGMappingPairNumber.h; sourceTree = "<group>"; };
		3137259B1C10235000593628 /* AGMappingPairNumber.m */ = {isa = PBXFileReference; fileEncoding = 4; lastKnownFileType = sourcecode.c.objc; path = AGMappingPairNumber.m; sourceTree = "<group>"; };
		3137259C1C10235000593628 /* AGMappingPairObject.h */ = {isa = PBXFileReference; fileEncoding = 4; lastKnownFileType = sourcecode.c.h; path = AGMappingPairObject.h; sourceTree = "<group>"; };
		3137259D1C10235000593628 /* AGMappingPairObject.m */ = {isa = PBXFileReference; fileEncoding = 4; lastKnownFileType = sourcecode.c.objc; path = AGMappingPairObject.m; sourceTree = "<group>"; };
		3137259E1C10235000593628 /* AGMappingPairString.h */ = {isa = PBXFileReference; fileEncoding = 4; lastKnownFileType = sourcecode.c.h; path = AGMappingPairString.h; sourceTree = "<group>"; };
		3137259F1C10235000593628 /* AGMappingPairString.m */ = {isa = PBXFileReference; fileEncoding = 4; lastKnownFileType = sourcecode.c.objc; path = AGMappingPairString.m; sourceTree = "<group>"; };
		313725A01C10235000593628 /* AGMappingPairBuilder.h */ = {isa = PBXFileReference; fileEncoding = 4; lastKnownFileType = sourcecode.c.h; path = AGMappingPairBuilder.h; sourceTree = "<group>"; };
		313725A11C10235000593628 /* AGMappingPairBuilder.m */ = {isa = PBXFileReference; fileEncoding = 4; lastKnownFileType = sourcecode.c.objc; path = AGMappingPairBuilder.m; sourceTree = "<group>"; };
		313725A21C10235000593628 /* AGMappingProtocol.h */ = {isa = PBXFileReference; fileEncoding = 4; lastKnownFileType = sourcecode.c.h; path = AGMappingProtocol.h; sourceTree = "<group>"; };
		313725A31C10235000593628 /* NSDictionary+JSONObject.h */ = {isa = PBXFileReference; fileEncoding = 4; lastKnownFileType = sourcecode.c.h; path = "NSDictionary+JSONObject.h"; sourceTree = "<group>"; };
		313725A41C10235000593628 /* NSDictionary+JSONObject.m */ = {isa = PBXFileReference; fileEncoding = 4; lastKnownFileType = sourcecode.c.objc; path = "NSDictionary+JSONObject.m"; sourceTree = "<group>"; };
		313725A51C10235000593628 /* NSObject+AGMapping.h */ = {isa = PBXFileReference; fileEncoding = 4; lastKnownFileType = sourcecode.c.h; path = "NSObject+AGMapping.h"; sourceTree = "<group>"; };
		313725A61C10235000593628 /* NSObject+AGMapping.m */ = {isa = PBXFileReference; fileEncoding = 4; lastKnownFileType = sourcecode.c.objc; path = "NSObject+AGMapping.m"; sourceTree = "<group>"; };
		313725B81C1025AC00593628 /* VBDefines.h */ = {isa = PBXFileReference; fileEncoding = 4; lastKnownFileType = sourcecode.c.h; path = VBDefines.h; sourceTree = "<group>"; };
		313725BA1C1025AC00593628 /* VBException.h */ = {isa = PBXFileReference; fileEncoding = 4; lastKnownFileType = sourcecode.c.h; path = VBException.h; sourceTree = "<group>"; };
		313725BB1C1025AC00593628 /* VBException.m */ = {isa = PBXFileReference; fileEncoding = 4; lastKnownFileType = sourcecode.c.objc; path = VBException.m; sourceTree = "<group>"; };
		313725BC1C1025AC00593628 /* VBNotImplementedException.h */ = {isa = PBXFileReference; fileEncoding = 4; lastKnownFileType = sourcecode.c.h; path = VBNotImplementedException.h; sourceTree = "<group>"; };
		313725BD1C1025AC00593628 /* VBNotImplementedException.m */ = {isa = PBXFileReference; fileEncoding = 4; lastKnownFileType = sourcecode.c.objc; path = VBNotImplementedException.m; sourceTree = "<group>"; };
		BA96025E1A8239D8004D7ABD /* AGMappingExamples.app */ = {isa = PBXFileReference; explicitFileType = wrapper.application; includeInIndex = 0; path = AGMappingExamples.app; sourceTree = BUILT_PRODUCTS_DIR; };
		BA9602621A8239D8004D7ABD /* Info.plist */ = {isa = PBXFileReference; lastKnownFileType = text.plist.xml; path = Info.plist; sourceTree = "<group>"; };
		BA9602631A8239D8004D7ABD /* main.m */ = {isa = PBXFileReference; lastKnownFileType = sourcecode.c.objc; path = main.m; sourceTree = "<group>"; };
		BA9602651A8239D8004D7ABD /* AppDelegate.h */ = {isa = PBXFileReference; lastKnownFileType = sourcecode.c.h; path = AppDelegate.h; sourceTree = "<group>"; };
		BA9602661A8239D8004D7ABD /* AppDelegate.m */ = {isa = PBXFileReference; lastKnownFileType = sourcecode.c.objc; path = AppDelegate.m; sourceTree = "<group>"; };
		BA9602681A8239D8004D7ABD /* ViewController.h */ = {isa = PBXFileReference; lastKnownFileType = sourcecode.c.h; path = ViewController.h; sourceTree = "<group>"; };
		BA9602691A8239D8004D7ABD /* ViewController.m */ = {isa = PBXFileReference; lastKnownFileType = sourcecode.c.objc; path = ViewController.m; sourceTree = "<group>"; };
		BA96026C1A8239D8004D7ABD /* Base */ = {isa = PBXFileReference; lastKnownFileType = file.storyboard; name = Base; path = Base.lproj/Main.storyboard; sourceTree = "<group>"; };
		BA96026E1A8239D8004D7ABD /* Images.xcassets */ = {isa = PBXFileReference; lastKnownFileType = folder.assetcatalog; path = Images.xcassets; sourceTree = "<group>"; };
		BA9602711A8239D8004D7ABD /* Base */ = {isa = PBXFileReference; lastKnownFileType = file.xib; name = Base; path = Base.lproj/LaunchScreen.xib; sourceTree = "<group>"; };
		BA9602771A8239D8004D7ABD /* AGMappingExamplesTests.xctest */ = {isa = PBXFileReference; explicitFileType = wrapper.cfbundle; includeInIndex = 0; path = AGMappingExamplesTests.xctest; sourceTree = BUILT_PRODUCTS_DIR; };
		BA96027C1A8239D8004D7ABD /* Info.plist */ = {isa = PBXFileReference; lastKnownFileType = text.plist.xml; path = Info.plist; sourceTree = "<group>"; };
		BA96027D1A8239D8004D7ABD /* AGMappingExamplesTests.m */ = {isa = PBXFileReference; lastKnownFileType = sourcecode.c.objc; path = AGMappingExamplesTests.m; sourceTree = "<group>"; };
		BAC8C9631A83AE9200F99897 /* AGMovie.h */ = {isa = PBXFileReference; fileEncoding = 4; lastKnownFileType = sourcecode.c.h; path = AGMovie.h; sourceTree = "<group>"; };
		BAC8C9641A83AE9200F99897 /* AGMovie.m */ = {isa = PBXFileReference; fileEncoding = 4; lastKnownFileType = sourcecode.c.objc; path = AGMovie.m; sourceTree = "<group>"; };
		BAC8C9661A83AF0100F99897 /* AGMovieGenre.h */ = {isa = PBXFileReference; fileEncoding = 4; lastKnownFileType = sourcecode.c.h; path = AGMovieGenre.h; sourceTree = "<group>"; };
		BAC8C9671A83AF0100F99897 /* AGMovieGenre.m */ = {isa = PBXFileReference; fileEncoding = 4; lastKnownFileType = sourcecode.c.objc; path = AGMovieGenre.m; sourceTree = "<group>"; };
		BAC8C9691A83B00000F99897 /* AGPerson.h */ = {isa = PBXFileReference; fileEncoding = 4; lastKnownFileType = sourcecode.c.h; path = AGPerson.h; sourceTree = "<group>"; };
		BAC8C96A1A83B00000F99897 /* AGPerson.m */ = {isa = PBXFileReference; fileEncoding = 4; lastKnownFileType = sourcecode.c.objc; path = AGPerson.m; sourceTree = "<group>"; };
		CED4555B1AA43A8C005EE426 /* AGMappingPairDateTests.m */ = {isa = PBXFileReference; fileEncoding = 4; lastKnownFileType = sourcecode.c.objc; path = AGMappingPairDateTests.m; sourceTree = "<group>"; };
		CED4556C1AA453D3005EE426 /* AGMock.h */ = {isa = PBXFileReference; fileEncoding = 4; lastKnownFileType = sourcecode.c.h; path = AGMock.h; sourceTree = "<group>"; };
		CED4556D1AA453D3005EE426 /* AGMock.m */ = {isa = PBXFileReference; fileEncoding = 4; lastKnownFileType = sourcecode.c.objc; path = AGMock.m; sourceTree = "<group>"; };
		CED4556F1AA45DD5005EE426 /* AGMappingPairNumberTests.m */ = {isa = PBXFileReference; fileEncoding = 4; lastKnownFileType = sourcecode.c.objc; path = AGMappingPairNumberTests.m; sourceTree = "<group>"; };
		CED455711AA467FE005EE426 /* AGMappingPairStringTests.m */ = {isa = PBXFileReference; fileEncoding = 4; lastKnownFileType = sourcecode.c.objc; path = AGMappingPairStringTests.m; sourceTree = "<group>"; };
		CED455751AA46AB8005EE426 /* AGMappingTestcase.h */ = {isa = PBXFileReference; fileEncoding = 4; lastKnownFileType = sourcecode.c.h; path = AGMappingTestcase.h; sourceTree = "<group>"; };
		CED455761AA46AB8005EE426 /* AGMappingTestcase.m */ = {isa = PBXFileReference; fileEncoding = 4; lastKnownFileType = sourcecode.c.objc; path = AGMappingTestcase.m; sourceTree = "<group>"; };
		CED455781AA49FC7005EE426 /* AGMappingPairObjectTests.m */ = {isa = PBXFileReference; fileEncoding = 4; lastKnownFileType = sourcecode.c.objc; path = AGMappingPairObjectTests.m; sourceTree = "<group>"; };
		CED4557C1AA59639005EE426 /* AGMappingPairCollectionTests.m */ = {isa = PBXFileReference; fileEncoding = 4; lastKnownFileType = sourcecode.c.objc; path = AGMappingPairCollectionTests.m; sourceTree = "<group>"; };
		CED4557E1AA5B0AD005EE426 /* AGMappingPairArrayTests.m */ = {isa = PBXFileReference; fileEncoding = 4; lastKnownFileType = sourcecode.c.objc; path = AGMappingPairArrayTests.m; sourceTree = "<group>"; };
		CED455821AA5BEE8005EE426 /* AGMappingPairTests.m */ = {isa = PBXFileReference; fileEncoding = 4; lastKnownFileType = sourcecode.c.objc; path = AGMappingPairTests.m; sourceTree = "<group>"; };
		CED455841AA5DBE4005EE426 /* AGMappingPairBuilderTests.m */ = {isa = PBXFileReference; fileEncoding = 4; lastKnownFileType = sourcecode.c.objc; path = AGMappingPairBuilderTests.m; sourceTree = "<group>"; };
		CED455861AA5EF75005EE426 /* AGMappingManagerTests.m */ = {isa = PBXFileReference; fileEncoding = 4; lastKnownFileType = sourcecode.c.objc; path = AGMappingManagerTests.m; sourceTree = "<group>"; };
		CED455891AA5F694005EE426 /* AGMappingTestsHelper.h */ = {isa = PBXFileReference; fileEncoding = 4; lastKnownFileType = sourcecode.c.h; path = AGMappingTestsHelper.h; sourceTree = "<group>"; };
		CED4558A1AA5F694005EE426 /* AGMappingTestsHelper.m */ = {isa = PBXFileReference; fileEncoding = 4; lastKnownFileType = sourcecode.c.objc; path = AGMappingTestsHelper.m; sourceTree = "<group>"; };
		CED455901AA6041A005EE426 /* AGInvalidMapKeyToMock.h */ = {isa = PBXFileReference; fileEncoding = 4; lastKnownFileType = sourcecode.c.h; path = AGInvalidMapKeyToMock.h; sourceTree = "<group>"; };
		CED455911AA6041A005EE426 /* AGInvalidMapKeyToMock.m */ = {isa = PBXFileReference; fileEncoding = 4; lastKnownFileType = sourcecode.c.objc; path = AGInvalidMapKeyToMock.m; sourceTree = "<group>"; };
		CED455931AA605BC005EE426 /* AGInvalidMapKeyFromMock.h */ = {isa = PBXFileReference; fileEncoding = 4; lastKnownFileType = sourcecode.c.h; path = AGInvalidMapKeyFromMock.h; sourceTree = "<group>"; };
		CED455941AA605BC005EE426 /* AGInvalidMapKeyFromMock.m */ = {isa = PBXFileReference; fileEncoding = 4; lastKnownFileType = sourcecode.c.objc; path = AGInvalidMapKeyFromMock.m; sourceTree = "<group>"; };
		CEDD84801AA6E8E400588F4F /* NSObject+AGMappingTests.m */ = {isa = PBXFileReference; fileEncoding = 4; lastKnownFileType = sourcecode.c.objc; path = "NSObject+AGMappingTests.m"; sourceTree = "<group>"; };
/* End PBXFileReference section */

/* Begin PBXFrameworksBuildPhase section */
		BA96025B1A8239D8004D7ABD /* Frameworks */ = {
			isa = PBXFrameworksBuildPhase;
			buildActionMask = 2147483647;
			files = (
			);
			runOnlyForDeploymentPostprocessing = 0;
		};
		BA9602741A8239D8004D7ABD /* Frameworks */ = {
			isa = PBXFrameworksBuildPhase;
			buildActionMask = 2147483647;
			files = (
			);
			runOnlyForDeploymentPostprocessing = 0;
		};
/* End PBXFrameworksBuildPhase section */

/* Begin PBXGroup section */
		313725821C10235000593628 /* AGMappingInner */ = {
			isa = PBXGroup;
			children = (
				313725831C10235000593628 /* AGMappingExceptions */,
				3137258C1C10235000593628 /* AGMappingManager */,
				313725A21C10235000593628 /* AGMappingProtocol.h */,
				313725A31C10235000593628 /* NSDictionary+JSONObject.h */,
				313725A41C10235000593628 /* NSDictionary+JSONObject.m */,
				313725A51C10235000593628 /* NSObject+AGMapping.h */,
				313725A61C10235000593628 /* NSObject+AGMapping.m */,
			);
			path = AGMappingInner;
			sourceTree = "<group>";
		};
		313725831C10235000593628 /* AGMappingExceptions */ = {
			isa = PBXGroup;
			children = (
				313725841C10235000593628 /* AGMappingClassIsNotMappingComplaintException.h */,
				313725851C10235000593628 /* AGMappingClassIsNotMappingComplaintException.m */,
				313725861C10235000593628 /* AGMappingClassNameUndefinedException.h */,
				313725871C10235000593628 /* AGMappingClassNameUndefinedException.m */,
				313725881C10235000593628 /* AGMappingInvalidMappingFormatException.h */,
				313725891C10235000593628 /* AGMappingInvalidMappingFormatException.m */,
				3137258A1C10235000593628 /* AGMappingUndefinedObjectPropertyException.h */,
				3137258B1C10235000593628 /* AGMappingUndefinedObjectPropertyException.m */,
			);
			path = AGMappingExceptions;
			sourceTree = "<group>";
		};
		3137258C1C10235000593628 /* AGMappingManager */ = {
			isa = PBXGroup;
			children = (
				3137258F1C10235000593628 /* AGMappingPair */,
				3137258D1C10235000593628 /* AGMappingManager.h */,
				3137258E1C10235000593628 /* AGMappingManager.m */,
				313725A01C10235000593628 /* AGMappingPairBuilder.h */,
				313725A11C10235000593628 /* AGMappingPairBuilder.m */,
			);
			path = AGMappingManager;
			sourceTree = "<group>";
		};
		3137258F1C10235000593628 /* AGMappingPair */ = {
			isa = PBXGroup;
			children = (
				313725901C10235000593628 /* AGMappingPair.h */,
				313725911C10235000593628 /* AGMappingPair.m */,
				313725921C10235000593628 /* AGMappingPairConcrete */,
			);
			path = AGMappingPair;
			sourceTree = "<group>";
		};
		313725921C10235000593628 /* AGMappingPairConcrete */ = {
			isa = PBXGroup;
			children = (
				313725931C10235000593628 /* AGMappingPairCollection.h */,
				313725941C10235000593628 /* AGMappingPairCollection.m */,
				313725951C10235000593628 /* AGMappingPairCollections */,
				313725981C10235000593628 /* AGMappingPairDate.h */,
				313725991C10235000593628 /* AGMappingPairDate.m */,
				3137259A1C10235000593628 /* AGMappingPairNumber.h */,
				3137259B1C10235000593628 /* AGMappingPairNumber.m */,
				3137259C1C10235000593628 /* AGMappingPairObject.h */,
				3137259D1C10235000593628 /* AGMappingPairObject.m */,
				3137259E1C10235000593628 /* AGMappingPairString.h */,
				3137259F1C10235000593628 /* AGMappingPairString.m */,
			);
			path = AGMappingPairConcrete;
			sourceTree = "<group>";
		};
		313725951C10235000593628 /* AGMappingPairCollections */ = {
			isa = PBXGroup;
			children = (
				313725961C10235000593628 /* AGMappingPairArray.h */,
				313725971C10235000593628 /* AGMappingPairArray.m */,
			);
			path = AGMappingPairCollections;
			sourceTree = "<group>";
		};
		313725B61C1025AC00593628 /* VB */ = {
			isa = PBXGroup;
			children = (
				313725B71C1025AC00593628 /* VBDefines */,
				313725B91C1025AC00593628 /* VBException */,
			);
			path = VB;
			sourceTree = "<group>";
		};
		313725B71C1025AC00593628 /* VBDefines */ = {
			isa = PBXGroup;
			children = (
				313725B81C1025AC00593628 /* VBDefines.h */,
			);
			path = VBDefines;
			sourceTree = "<group>";
		};
		313725B91C1025AC00593628 /* VBException */ = {
			isa = PBXGroup;
			children = (
				313725BA1C1025AC00593628 /* VBException.h */,
				313725BB1C1025AC00593628 /* VBException.m */,
				313725BC1C1025AC00593628 /* VBNotImplementedException.h */,
				313725BD1C1025AC00593628 /* VBNotImplementedException.m */,
			);
			path = VBException;
			sourceTree = "<group>";
		};
		BA9602551A8239D8004D7ABD = {
			isa = PBXGroup;
			children = (
				313725B61C1025AC00593628 /* VB */,
				BAB51D2A1A850B2600A348D9 /* AGMapping */,
				BA9602601A8239D8004D7ABD /* AGMappingExamples */,
				BA96027A1A8239D8004D7ABD /* AGMappingExamplesTests */,
				BA96025F1A8239D8004D7ABD /* Products */,
			);
			sourceTree = "<group>";
		};
		BA96025F1A8239D8004D7ABD /* Products */ = {
			isa = PBXGroup;
			children = (
				BA96025E1A8239D8004D7ABD /* AGMappingExamples.app */,
				BA9602771A8239D8004D7ABD /* AGMappingExamplesTests.xctest */,
			);
			name = Products;
			sourceTree = "<group>";
		};
		BA9602601A8239D8004D7ABD /* AGMappingExamples */ = {
			isa = PBXGroup;
			children = (
				BAC8C96C1A83B5A300F99897 /* objects */,
				BA9602651A8239D8004D7ABD /* AppDelegate.h */,
				BA9602661A8239D8004D7ABD /* AppDelegate.m */,
				BA9602681A8239D8004D7ABD /* ViewController.h */,
				BA9602691A8239D8004D7ABD /* ViewController.m */,
				BA96026B1A8239D8004D7ABD /* Main.storyboard */,
				BA96026E1A8239D8004D7ABD /* Images.xcassets */,
				BA9602701A8239D8004D7ABD /* LaunchScreen.xib */,
				BA9602611A8239D8004D7ABD /* Supporting Files */,
			);
			path = AGMappingExamples;
			sourceTree = "<group>";
		};
		BA9602611A8239D8004D7ABD /* Supporting Files */ = {
			isa = PBXGroup;
			children = (
				BA9602621A8239D8004D7ABD /* Info.plist */,
				BA9602631A8239D8004D7ABD /* main.m */,
			);
			name = "Supporting Files";
			sourceTree = "<group>";
		};
		BA96027A1A8239D8004D7ABD /* AGMappingExamplesTests */ = {
			isa = PBXGroup;
			children = (
				CED455751AA46AB8005EE426 /* AGMappingTestcase.h */,
				CED455761AA46AB8005EE426 /* AGMappingTestcase.m */,
				CED455841AA5DBE4005EE426 /* AGMappingPairBuilderTests.m */,
				CED4558C1AA60055005EE426 /* Mocks */,
				CED455881AA5F5EB005EE426 /* AGMappingPairTests */,
				BA96027D1A8239D8004D7ABD /* AGMappingExamplesTests.m */,
				BA96027B1A8239D8004D7ABD /* Supporting Files */,
				CED455861AA5EF75005EE426 /* AGMappingManagerTests.m */,
				CED455891AA5F694005EE426 /* AGMappingTestsHelper.h */,
				CED4558A1AA5F694005EE426 /* AGMappingTestsHelper.m */,
				CEDD84801AA6E8E400588F4F /* NSObject+AGMappingTests.m */,
			);
			path = AGMappingExamplesTests;
			sourceTree = "<group>";
		};
		BA96027B1A8239D8004D7ABD /* Supporting Files */ = {
			isa = PBXGroup;
			children = (
				BA96027C1A8239D8004D7ABD /* Info.plist */,
			);
			name = "Supporting Files";
			sourceTree = "<group>";
		};
		BAB51D2A1A850B2600A348D9 /* AGMapping */ = {
			isa = PBXGroup;
			children = (
				313725811C10235000593628 /* AGMapping.h */,
				313725821C10235000593628 /* AGMappingInner */,
			);
			path = AGMapping;
			sourceTree = "<group>";
		};
		BAC8C96C1A83B5A300F99897 /* objects */ = {
			isa = PBXGroup;
			children = (
				BAC8C9631A83AE9200F99897 /* AGMovie.h */,
				BAC8C9641A83AE9200F99897 /* AGMovie.m */,
				BAC8C9661A83AF0100F99897 /* AGMovieGenre.h */,
				BAC8C9671A83AF0100F99897 /* AGMovieGenre.m */,
				BAC8C9691A83B00000F99897 /* AGPerson.h */,
				BAC8C96A1A83B00000F99897 /* AGPerson.m */,
			);
			name = objects;
			sourceTree = "<group>";
		};
		CED455881AA5F5EB005EE426 /* AGMappingPairTests */ = {
			isa = PBXGroup;
			children = (
				CED4555B1AA43A8C005EE426 /* AGMappingPairDateTests.m */,
				CED4556F1AA45DD5005EE426 /* AGMappingPairNumberTests.m */,
				CED455711AA467FE005EE426 /* AGMappingPairStringTests.m */,
				CED455781AA49FC7005EE426 /* AGMappingPairObjectTests.m */,
				CED4557C1AA59639005EE426 /* AGMappingPairCollectionTests.m */,
				CED4557E1AA5B0AD005EE426 /* AGMappingPairArrayTests.m */,
				CED455821AA5BEE8005EE426 /* AGMappingPairTests.m */,
			);
			name = AGMappingPairTests;
			sourceTree = "<group>";
		};
		CED4558C1AA60055005EE426 /* Mocks */ = {
			isa = PBXGroup;
			children = (
				CED4556C1AA453D3005EE426 /* AGMock.h */,
				CED4556D1AA453D3005EE426 /* AGMock.m */,
				CED455901AA6041A005EE426 /* AGInvalidMapKeyToMock.h */,
				CED455911AA6041A005EE426 /* AGInvalidMapKeyToMock.m */,
				CED455931AA605BC005EE426 /* AGInvalidMapKeyFromMock.h */,
				CED455941AA605BC005EE426 /* AGInvalidMapKeyFromMock.m */,
			);
			name = Mocks;
			sourceTree = "<group>";
		};
/* End PBXGroup section */

/* Begin PBXNativeTarget section */
		BA96025D1A8239D8004D7ABD /* AGMappingExamples */ = {
			isa = PBXNativeTarget;
			buildConfigurationList = BA9602811A8239D8004D7ABD /* Build configuration list for PBXNativeTarget "AGMappingExamples" */;
			buildPhases = (
				BA96025A1A8239D8004D7ABD /* Sources */,
				BA96025B1A8239D8004D7ABD /* Frameworks */,
				BA96025C1A8239D8004D7ABD /* Resources */,
			);
			buildRules = (
			);
			dependencies = (
			);
			name = AGMappingExamples;
			productName = AGMappingExamples;
			productReference = BA96025E1A8239D8004D7ABD /* AGMappingExamples.app */;
			productType = "com.apple.product-type.application";
		};
		BA9602761A8239D8004D7ABD /* AGMappingExamplesTests */ = {
			isa = PBXNativeTarget;
			buildConfigurationList = BA9602841A8239D8004D7ABD /* Build configuration list for PBXNativeTarget "AGMappingExamplesTests" */;
			buildPhases = (
				BA9602731A8239D8004D7ABD /* Sources */,
				BA9602741A8239D8004D7ABD /* Frameworks */,
				BA9602751A8239D8004D7ABD /* Resources */,
			);
			buildRules = (
			);
			dependencies = (
				BA9602791A8239D8004D7ABD /* PBXTargetDependency */,
			);
			name = AGMappingExamplesTests;
			productName = AGMappingExamplesTests;
			productReference = BA9602771A8239D8004D7ABD /* AGMappingExamplesTests.xctest */;
			productType = "com.apple.product-type.bundle.unit-test";
		};
/* End PBXNativeTarget section */

/* Begin PBXProject section */
		BA9602561A8239D8004D7ABD /* Project object */ = {
			isa = PBXProject;
			attributes = {
				LastUpgradeCheck = 0610;
				ORGANIZATIONNAME = "Allgoritm LLC";
				TargetAttributes = {
					BA96025D1A8239D8004D7ABD = {
						CreatedOnToolsVersion = 6.1.1;
					};
					BA9602761A8239D8004D7ABD = {
						CreatedOnToolsVersion = 6.1.1;
						TestTargetID = BA96025D1A8239D8004D7ABD;
					};
				};
			};
			buildConfigurationList = BA9602591A8239D8004D7ABD /* Build configuration list for PBXProject "AGMappingExamples" */;
			compatibilityVersion = "Xcode 3.2";
			developmentRegion = English;
			hasScannedForEncodings = 0;
			knownRegions = (
				en,
				Base,
			);
			mainGroup = BA9602551A8239D8004D7ABD;
			productRefGroup = BA96025F1A8239D8004D7ABD /* Products */;
			projectDirPath = "";
			projectRoot = "";
			targets = (
				BA96025D1A8239D8004D7ABD /* AGMappingExamples */,
				BA9602761A8239D8004D7ABD /* AGMappingExamplesTests */,
			);
		};
/* End PBXProject section */

/* Begin PBXResourcesBuildPhase section */
		BA96025C1A8239D8004D7ABD /* Resources */ = {
			isa = PBXResourcesBuildPhase;
			buildActionMask = 2147483647;
			files = (
				BA96026D1A8239D8004D7ABD /* Main.storyboard in Resources */,
				BA9602721A8239D8004D7ABD /* LaunchScreen.xib in Resources */,
				BA96026F1A8239D8004D7ABD /* Images.xcassets in Resources */,
			);
			runOnlyForDeploymentPostprocessing = 0;
		};
		BA9602751A8239D8004D7ABD /* Resources */ = {
			isa = PBXResourcesBuildPhase;
			buildActionMask = 2147483647;
			files = (
			);
			runOnlyForDeploymentPostprocessing = 0;
		};
/* End PBXResourcesBuildPhase section */

/* Begin PBXSourcesBuildPhase section */
		BA96025A1A8239D8004D7ABD /* Sources */ = {
			isa = PBXSourcesBuildPhase;
			buildActionMask = 2147483647;
			files = (
				BA96026A1A8239D8004D7ABD /* ViewController.m in Sources */,
				BA9602671A8239D8004D7ABD /* AppDelegate.m in Sources */,
				313725AE1C10235000593628 /* AGMappingPairArray.m in Sources */,
				313725B21C10235000593628 /* AGMappingPairString.m in Sources */,
				313725A71C10235000593628 /* AGMappingClassIsNotMappingComplaintException.m in Sources */,
				313725AF1C10235000593628 /* AGMappingPairDate.m in Sources */,
				BAC8C9651A83AE9200F99897 /* AGMovie.m in Sources */,
				BAC8C9681A83AF0100F99897 /* AGMovieGenre.m in Sources */,
				313725B11C10235000593628 /* AGMappingPairObject.m in Sources */,
				313725A81C10235000593628 /* AGMappingClassNameUndefinedException.m in Sources */,
				313725AD1C10235000593628 /* AGMappingPairCollection.m in Sources */,
				313725B01C10235000593628 /* AGMappingPairNumber.m in Sources */,
				313725B51C10235000593628 /* NSObject+AGMapping.m in Sources */,
				313725B31C10235000593628 /* AGMappingPairBuilder.m in Sources */,
				BAC8C96B1A83B00000F99897 /* AGPerson.m in Sources */,
				313725BE1C1025AC00593628 /* VBException.m in Sources */,
				BA9602641A8239D8004D7ABD /* main.m in Sources */,
				313725B41C10235000593628 /* NSDictionary+JSONObject.m in Sources */,
				313725A91C10235000593628 /* AGMappingInvalidMappingFormatException.m in Sources */,
				313725AB1C10235000593628 /* AGMappingManager.m in Sources */,
				313725BF1C1025AC00593628 /* VBNotImplementedException.m in Sources */,
				313725AC1C10235000593628 /* AGMappingPair.m in Sources */,
				313725AA1C10235000593628 /* AGMappingUndefinedObjectPropertyException.m in Sources */,
			);
			runOnlyForDeploymentPostprocessing = 0;
		};
		BA9602731A8239D8004D7ABD /* Sources */ = {
			isa = PBXSourcesBuildPhase;
			buildActionMask = 2147483647;
			files = (
				CED455771AA46AB8005EE426 /* AGMappingTestcase.m in Sources */,
				CED455721AA467FE005EE426 /* AGMappingPairStringTests.m in Sources */,
				CED4555C1AA43A8C005EE426 /* AGMappingPairDateTests.m in Sources */,
				CED455831AA5BEE8005EE426 /* AGMappingPairTests.m in Sources */,
				CED455871AA5EF75005EE426 /* AGMappingManagerTests.m in Sources */,
				CED455701AA45DD5005EE426 /* AGMappingPairNumberTests.m in Sources */,
				CED4556E1AA453D3005EE426 /* AGMock.m in Sources */,
				CED4558B1AA5F694005EE426 /* AGMappingTestsHelper.m in Sources */,
				CED4557D1AA59639005EE426 /* AGMappingPairCollectionTests.m in Sources */,
				CED455951AA605BC005EE426 /* AGInvalidMapKeyFromMock.m in Sources */,
				CED4557F1AA5B0AD005EE426 /* AGMappingPairArrayTests.m in Sources */,
				CED455851AA5DBE4005EE426 /* AGMappingPairBuilderTests.m in Sources */,
				CED455921AA6041A005EE426 /* AGInvalidMapKeyToMock.m in Sources */,
				BA96027E1A8239D8004D7ABD /* AGMappingExamplesTests.m in Sources */,
				CEDD84811AA6E8E400588F4F /* NSObject+AGMappingTests.m in Sources */,
				CED455791AA49FC7005EE426 /* AGMappingPairObjectTests.m in Sources */,
			);
			runOnlyForDeploymentPostprocessing = 0;
		};
/* End PBXSourcesBuildPhase section */

/* Begin PBXTargetDependency section */
		BA9602791A8239D8004D7ABD /* PBXTargetDependency */ = {
			isa = PBXTargetDependency;
			target = BA96025D1A8239D8004D7ABD /* AGMappingExamples */;
			targetProxy = BA9602781A8239D8004D7ABD /* PBXContainerItemProxy */;
		};
/* End PBXTargetDependency section */

/* Begin PBXVariantGroup section */
		BA96026B1A8239D8004D7ABD /* Main.storyboard */ = {
			isa = PBXVariantGroup;
			children = (
				BA96026C1A8239D8004D7ABD /* Base */,
			);
			name = Main.storyboard;
			sourceTree = "<group>";
		};
		BA9602701A8239D8004D7ABD /* LaunchScreen.xib */ = {
			isa = PBXVariantGroup;
			children = (
				BA9602711A8239D8004D7ABD /* Base */,
			);
			name = LaunchScreen.xib;
			sourceTree = "<group>";
		};
/* End PBXVariantGroup section */

/* Begin XCBuildConfiguration section */
		BA96027F1A8239D8004D7ABD /* Debug */ = {
			isa = XCBuildConfiguration;
			buildSettings = {
				ALWAYS_SEARCH_USER_PATHS = NO;
				CLANG_CXX_LANGUAGE_STANDARD = "gnu++0x";
				CLANG_CXX_LIBRARY = "libc++";
				CLANG_ENABLE_MODULES = YES;
				CLANG_ENABLE_OBJC_ARC = YES;
				CLANG_WARN_BOOL_CONVERSION = YES;
				CLANG_WARN_CONSTANT_CONVERSION = YES;
				CLANG_WARN_DIRECT_OBJC_ISA_USAGE = YES_ERROR;
				CLANG_WARN_EMPTY_BODY = YES;
				CLANG_WARN_ENUM_CONVERSION = YES;
				CLANG_WARN_INT_CONVERSION = YES;
				CLANG_WARN_OBJC_ROOT_CLASS = YES_ERROR;
				CLANG_WARN_UNREACHABLE_CODE = YES;
				CLANG_WARN__DUPLICATE_METHOD_MATCH = YES;
				"CODE_SIGN_IDENTITY[sdk=iphoneos*]" = "iPhone Developer";
				COPY_PHASE_STRIP = NO;
				ENABLE_STRICT_OBJC_MSGSEND = YES;
				GCC_C_LANGUAGE_STANDARD = gnu99;
				GCC_DYNAMIC_NO_PIC = NO;
				GCC_OPTIMIZATION_LEVEL = 0;
				GCC_PREPROCESSOR_DEFINITIONS = (
					"DEBUG=1",
					"$(inherited)",
				);
				GCC_SYMBOLS_PRIVATE_EXTERN = NO;
				GCC_WARN_64_TO_32_BIT_CONVERSION = YES;
				GCC_WARN_ABOUT_RETURN_TYPE = YES_ERROR;
				GCC_WARN_UNDECLARED_SELECTOR = YES;
				GCC_WARN_UNINITIALIZED_AUTOS = YES_AGGRESSIVE;
				GCC_WARN_UNUSED_FUNCTION = YES;
				GCC_WARN_UNUSED_VARIABLE = YES;
				IPHONEOS_DEPLOYMENT_TARGET = 8.1;
				MTL_ENABLE_DEBUG_INFO = YES;
				ONLY_ACTIVE_ARCH = YES;
				SDKROOT = iphoneos;
				TARGETED_DEVICE_FAMILY = "1,2";
			};
			name = Debug;
		};
		BA9602801A8239D8004D7ABD /* Release */ = {
			isa = XCBuildConfiguration;
			buildSettings = {
				ALWAYS_SEARCH_USER_PATHS = NO;
				CLANG_CXX_LANGUAGE_STANDARD = "gnu++0x";
				CLANG_CXX_LIBRARY = "libc++";
				CLANG_ENABLE_MODULES = YES;
				CLANG_ENABLE_OBJC_ARC = YES;
				CLANG_WARN_BOOL_CONVERSION = YES;
				CLANG_WARN_CONSTANT_CONVERSION = YES;
				CLANG_WARN_DIRECT_OBJC_ISA_USAGE = YES_ERROR;
				CLANG_WARN_EMPTY_BODY = YES;
				CLANG_WARN_ENUM_CONVERSION = YES;
				CLANG_WARN_INT_CONVERSION = YES;
				CLANG_WARN_OBJC_ROOT_CLASS = YES_ERROR;
				CLANG_WARN_UNREACHABLE_CODE = YES;
				CLANG_WARN__DUPLICATE_METHOD_MATCH = YES;
				"CODE_SIGN_IDENTITY[sdk=iphoneos*]" = "iPhone Developer";
				COPY_PHASE_STRIP = YES;
				ENABLE_NS_ASSERTIONS = NO;
				ENABLE_STRICT_OBJC_MSGSEND = YES;
				GCC_C_LANGUAGE_STANDARD = gnu99;
				GCC_WARN_64_TO_32_BIT_CONVERSION = YES;
				GCC_WARN_ABOUT_RETURN_TYPE = YES_ERROR;
				GCC_WARN_UNDECLARED_SELECTOR = YES;
				GCC_WARN_UNINITIALIZED_AUTOS = YES_AGGRESSIVE;
				GCC_WARN_UNUSED_FUNCTION = YES;
				GCC_WARN_UNUSED_VARIABLE = YES;
				IPHONEOS_DEPLOYMENT_TARGET = 8.1;
				MTL_ENABLE_DEBUG_INFO = NO;
				SDKROOT = iphoneos;
				TARGETED_DEVICE_FAMILY = "1,2";
				VALIDATE_PRODUCT = YES;
			};
			name = Release;
		};
		BA9602821A8239D8004D7ABD /* Debug */ = {
			isa = XCBuildConfiguration;
			buildSettings = {
				ASSETCATALOG_COMPILER_APPICON_NAME = AppIcon;
				INFOPLIST_FILE = AGMappingExamples/Info.plist;
				LD_RUNPATH_SEARCH_PATHS = "$(inherited) @executable_path/Frameworks";
				PRODUCT_NAME = "$(TARGET_NAME)";
			};
			name = Debug;
		};
		BA9602831A8239D8004D7ABD /* Release */ = {
			isa = XCBuildConfiguration;
			buildSettings = {
				ASSETCATALOG_COMPILER_APPICON_NAME = AppIcon;
				INFOPLIST_FILE = AGMappingExamples/Info.plist;
				LD_RUNPATH_SEARCH_PATHS = "$(inherited) @executable_path/Frameworks";
				PRODUCT_NAME = "$(TARGET_NAME)";
			};
			name = Release;
		};
		BA9602851A8239D8004D7ABD /* Debug */ = {
			isa = XCBuildConfiguration;
			buildSettings = {
				BUNDLE_LOADER = "$(TEST_HOST)";
				FRAMEWORK_SEARCH_PATHS = (
					"$(SDKROOT)/Developer/Library/Frameworks",
					"$(inherited)",
				);
				GCC_PREPROCESSOR_DEFINITIONS = (
					"DEBUG=1",
					"$(inherited)",
				);
				INFOPLIST_FILE = AGMappingExamplesTests/Info.plist;
				LD_RUNPATH_SEARCH_PATHS = "$(inherited) @executable_path/Frameworks @loader_path/Frameworks";
				PRODUCT_NAME = "$(TARGET_NAME)";
				TEST_HOST = "$(BUILT_PRODUCTS_DIR)/AGMappingExamples.app/AGMappingExamples";
			};
			name = Debug;
		};
		BA9602861A8239D8004D7ABD /* Release */ = {
			isa = XCBuildConfiguration;
			buildSettings = {
				BUNDLE_LOADER = "$(TEST_HOST)";
				FRAMEWORK_SEARCH_PATHS = (
					"$(SDKROOT)/Developer/Library/Frameworks",
					"$(inherited)",
				);
				INFOPLIST_FILE = AGMappingExamplesTests/Info.plist;
				LD_RUNPATH_SEARCH_PATHS = "$(inherited) @executable_path/Frameworks @loader_path/Frameworks";
				PRODUCT_NAME = "$(TARGET_NAME)";
				TEST_HOST = "$(BUILT_PRODUCTS_DIR)/AGMappingExamples.app/AGMappingExamples";
			};
			name = Release;
		};
/* End XCBuildConfiguration section */

/* Begin XCConfigurationList section */
		BA9602591A8239D8004D7ABD /* Build configuration list for PBXProject "AGMappingExamples" */ = {
			isa = XCConfigurationList;
			buildConfigurations = (
				BA96027F1A8239D8004D7ABD /* Debug */,
				BA9602801A8239D8004D7ABD /* Release */,
			);
			defaultConfigurationIsVisible = 0;
			defaultConfigurationName = Release;
		};
		BA9602811A8239D8004D7ABD /* Build configuration list for PBXNativeTarget "AGMappingExamples" */ = {
			isa = XCConfigurationList;
			buildConfigurations = (
				BA9602821A8239D8004D7ABD /* Debug */,
				BA9602831A8239D8004D7ABD /* Release */,
			);
			defaultConfigurationIsVisible = 0;
			defaultConfigurationName = Release;
		};
		BA9602841A8239D8004D7ABD /* Build configuration list for PBXNativeTarget "AGMappingExamplesTests" */ = {
			isa = XCConfigurationList;
			buildConfigurations = (
				BA9602851A8239D8004D7ABD /* Debug */,
				BA9602861A8239D8004D7ABD /* Release */,
			);
			defaultConfigurationIsVisible = 0;
			defaultConfigurationName = Release;
		};
/* End XCConfigurationList section */
	};
	rootObject = BA9602561A8239D8004D7ABD /* Project object */;
}
